{
  "requires": true,
  "lockfileVersion": 1,
  "dependencies": {
    "javascript-algebra": {
      "version": "1.3.5",
      "resolved": "https://registry.npmjs.org/javascript-algebra/-/javascript-algebra-1.3.5.tgz",
      "integrity": "sha512-nVi6b6YPcgsIoSlmJZ47mS5uyxVKlXl7ve12xZF9w9PvM4AecCfmu4rgWAJAm4JbySybVGmtksNUKHCVdHfePQ=="
    },
    "javascript-canvas": {
      "version": "1.0.6",
      "resolved": "https://registry.npmjs.org/javascript-canvas/-/javascript-canvas-1.0.6.tgz",
      "integrity": "sha512-4fCDQ06iqQibSCdJ0EasnHkVlmdoZHx6HAbd1EQQxGqPDh7N7cj3yij+kAJw9U1Zq0q1mVCPCC5IcDjslEyppA==",
      "requires": {
        "javascript-algebra": "*"
      }
    }
  }
}
